// !$*UTF8*$!
{
	archiveVersion = 1;
	classes = {
	};
	objectVersion = 46;
	objects = {

/* Begin PBXBuildFile section */
		DF5843D819D6B1650030BD8A /* ClientGenerator.swift in Sources */ = {isa = PBXBuildFile; fileRef = DF5843D719D6B1650030BD8A /* ClientGenerator.swift */; };
		DF5843DB19D6C7C10030BD8A /* protocols.swift in Sources */ = {isa = PBXBuildFile; fileRef = DF5843DA19D6C7C10030BD8A /* protocols.swift */; };
		DFC3AB7C19D68DDF003D75C1 /* AppDelegate.swift in Sources */ = {isa = PBXBuildFile; fileRef = DFC3AB7B19D68DDF003D75C1 /* AppDelegate.swift */; };
		DFC3AB7F19D68DDF003D75C1 /* Twitter.xcdatamodeld in Sources */ = {isa = PBXBuildFile; fileRef = DFC3AB7D19D68DDF003D75C1 /* Twitter.xcdatamodeld */; };
		DFC3AB8119D68DDF003D75C1 /* ViewController.swift in Sources */ = {isa = PBXBuildFile; fileRef = DFC3AB8019D68DDF003D75C1 /* ViewController.swift */; };
		DFC3AB8419D68DDF003D75C1 /* Main.storyboard in Resources */ = {isa = PBXBuildFile; fileRef = DFC3AB8219D68DDF003D75C1 /* Main.storyboard */; };
		DFC3AB8619D68DDF003D75C1 /* Images.xcassets in Resources */ = {isa = PBXBuildFile; fileRef = DFC3AB8519D68DDF003D75C1 /* Images.xcassets */; };
		DFC3AB8919D68DDF003D75C1 /* LaunchScreen.xib in Resources */ = {isa = PBXBuildFile; fileRef = DFC3AB8719D68DDF003D75C1 /* LaunchScreen.xib */; };
		DFC3AB9519D68DDF003D75C1 /* TwitterTests.swift in Sources */ = {isa = PBXBuildFile; fileRef = DFC3AB9419D68DDF003D75C1 /* TwitterTests.swift */; };
		DFC3ABCB19D69358003D75C1 /* Dictionary+OAuthSwift.swift in Sources */ = {isa = PBXBuildFile; fileRef = DFC3ABC019D69358003D75C1 /* Dictionary+OAuthSwift.swift */; };
		DFC3ABCC19D69358003D75C1 /* NSURL+OAuthSwift.swift in Sources */ = {isa = PBXBuildFile; fileRef = DFC3ABC119D69358003D75C1 /* NSURL+OAuthSwift.swift */; };
		DFC3ABCD19D69358003D75C1 /* String+OAuthSwift.swift in Sources */ = {isa = PBXBuildFile; fileRef = DFC3ABC219D69358003D75C1 /* String+OAuthSwift.swift */; };
		DFC3ABCE19D69358003D75C1 /* HMACSHA1Signature.m in Sources */ = {isa = PBXBuildFile; fileRef = DFC3ABC419D69358003D75C1 /* HMACSHA1Signature.m */; };
		DFC3ABCF19D69358003D75C1 /* OAuth1Swift.swift in Sources */ = {isa = PBXBuildFile; fileRef = DFC3ABC519D69358003D75C1 /* OAuth1Swift.swift */; };
		DFC3ABD019D69358003D75C1 /* OAuth2Swift.swift in Sources */ = {isa = PBXBuildFile; fileRef = DFC3ABC619D69358003D75C1 /* OAuth2Swift.swift */; };
		DFC3ABD119D69358003D75C1 /* OAuthSwiftClient.swift in Sources */ = {isa = PBXBuildFile; fileRef = DFC3ABC819D69358003D75C1 /* OAuthSwiftClient.swift */; };
		DFC3ABD219D69358003D75C1 /* OAuthSwiftCredential.swift in Sources */ = {isa = PBXBuildFile; fileRef = DFC3ABC919D69358003D75C1 /* OAuthSwiftCredential.swift */; };
		DFC3ABD319D69358003D75C1 /* OAuthSwiftHTTPRequest.swift in Sources */ = {isa = PBXBuildFile; fileRef = DFC3ABCA19D69358003D75C1 /* OAuthSwiftHTTPRequest.swift */; };
		DFD2917A19D6A3C60034B906 /* credentials.plist in Resources */ = {isa = PBXBuildFile; fileRef = DFD2917919D6A3C60034B906 /* credentials.plist */; };
/* End PBXBuildFile section */

/* Begin PBXContainerItemProxy section */
		DFC3AB8F19D68DDF003D75C1 /* PBXContainerItemProxy */ = {
			isa = PBXContainerItemProxy;
			containerPortal = DFC3AB6E19D68DDF003D75C1 /* Project object */;
			proxyType = 1;
			remoteGlobalIDString = DFC3AB7519D68DDF003D75C1;
			remoteInfo = Twitter;
		};
/* End PBXContainerItemProxy section */

/* Begin PBXFileReference section */
		DF5843D719D6B1650030BD8A /* ClientGenerator.swift */ = {isa = PBXFileReference; fileEncoding = 4; lastKnownFileType = sourcecode.swift; path = ClientGenerator.swift; sourceTree = "<group>"; };
		DF5843DA19D6C7C10030BD8A /* protocols.swift */ = {isa = PBXFileReference; fileEncoding = 4; lastKnownFileType = sourcecode.swift; path = protocols.swift; sourceTree = "<group>"; };
		DFC3AB7619D68DDF003D75C1 /* Twitter.app */ = {isa = PBXFileReference; explicitFileType = wrapper.application; includeInIndex = 0; path = Twitter.app; sourceTree = BUILT_PRODUCTS_DIR; };
		DFC3AB7A19D68DDF003D75C1 /* Info.plist */ = {isa = PBXFileReference; lastKnownFileType = text.plist.xml; path = Info.plist; sourceTree = "<group>"; };
		DFC3AB7B19D68DDF003D75C1 /* AppDelegate.swift */ = {isa = PBXFileReference; lastKnownFileType = sourcecode.swift; path = AppDelegate.swift; sourceTree = "<group>"; };
		DFC3AB7E19D68DDF003D75C1 /* Twitter.xcdatamodel */ = {isa = PBXFileReference; lastKnownFileType = wrapper.xcdatamodel; path = Twitter.xcdatamodel; sourceTree = "<group>"; };
		DFC3AB8019D68DDF003D75C1 /* ViewController.swift */ = {isa = PBXFileReference; lastKnownFileType = sourcecode.swift; path = ViewController.swift; sourceTree = "<group>"; };
		DFC3AB8319D68DDF003D75C1 /* Base */ = {isa = PBXFileReference; lastKnownFileType = file.storyboard; name = Base; path = Base.lproj/Main.storyboard; sourceTree = "<group>"; };
		DFC3AB8519D68DDF003D75C1 /* Images.xcassets */ = {isa = PBXFileReference; lastKnownFileType = folder.assetcatalog; path = Images.xcassets; sourceTree = "<group>"; };
		DFC3AB8819D68DDF003D75C1 /* Base */ = {isa = PBXFileReference; lastKnownFileType = file.xib; name = Base; path = Base.lproj/LaunchScreen.xib; sourceTree = "<group>"; };
		DFC3AB8E19D68DDF003D75C1 /* TwitterTests.xctest */ = {isa = PBXFileReference; explicitFileType = wrapper.cfbundle; includeInIndex = 0; path = TwitterTests.xctest; sourceTree = BUILT_PRODUCTS_DIR; };
		DFC3AB9319D68DDF003D75C1 /* Info.plist */ = {isa = PBXFileReference; lastKnownFileType = text.plist.xml; path = Info.plist; sourceTree = "<group>"; };
		DFC3AB9419D68DDF003D75C1 /* TwitterTests.swift */ = {isa = PBXFileReference; lastKnownFileType = sourcecode.swift; path = TwitterTests.swift; sourceTree = "<group>"; };
		DFC3ABC019D69358003D75C1 /* Dictionary+OAuthSwift.swift */ = {isa = PBXFileReference; fileEncoding = 4; lastKnownFileType = sourcecode.swift; path = "Dictionary+OAuthSwift.swift"; sourceTree = "<group>"; };
		DFC3ABC119D69358003D75C1 /* NSURL+OAuthSwift.swift */ = {isa = PBXFileReference; fileEncoding = 4; lastKnownFileType = sourcecode.swift; path = "NSURL+OAuthSwift.swift"; sourceTree = "<group>"; };
		DFC3ABC219D69358003D75C1 /* String+OAuthSwift.swift */ = {isa = PBXFileReference; fileEncoding = 4; lastKnownFileType = sourcecode.swift; path = "String+OAuthSwift.swift"; sourceTree = "<group>"; };
		DFC3ABC319D69358003D75C1 /* HMACSHA1Signature.h */ = {isa = PBXFileReference; fileEncoding = 4; lastKnownFileType = sourcecode.c.h; path = HMACSHA1Signature.h; sourceTree = "<group>"; };
		DFC3ABC419D69358003D75C1 /* HMACSHA1Signature.m */ = {isa = PBXFileReference; fileEncoding = 4; lastKnownFileType = sourcecode.c.objc; path = HMACSHA1Signature.m; sourceTree = "<group>"; };
		DFC3ABC519D69358003D75C1 /* OAuth1Swift.swift */ = {isa = PBXFileReference; fileEncoding = 4; lastKnownFileType = sourcecode.swift; path = OAuth1Swift.swift; sourceTree = "<group>"; };
		DFC3ABC619D69358003D75C1 /* OAuth2Swift.swift */ = {isa = PBXFileReference; fileEncoding = 4; lastKnownFileType = sourcecode.swift; path = OAuth2Swift.swift; sourceTree = "<group>"; };
		DFC3ABC719D69358003D75C1 /* OAuthSwift-Bridging-Header.h */ = {isa = PBXFileReference; fileEncoding = 4; lastKnownFileType = sourcecode.c.h; path = "OAuthSwift-Bridging-Header.h"; sourceTree = "<group>"; };
		DFC3ABC819D69358003D75C1 /* OAuthSwiftClient.swift */ = {isa = PBXFileReference; fileEncoding = 4; lastKnownFileType = sourcecode.swift; path = OAuthSwiftClient.swift; sourceTree = "<group>"; };
		DFC3ABC919D69358003D75C1 /* OAuthSwiftCredential.swift */ = {isa = PBXFileReference; fileEncoding = 4; lastKnownFileType = sourcecode.swift; path = OAuthSwiftCredential.swift; sourceTree = "<group>"; };
		DFC3ABCA19D69358003D75C1 /* OAuthSwiftHTTPRequest.swift */ = {isa = PBXFileReference; fileEncoding = 4; lastKnownFileType = sourcecode.swift; path = OAuthSwiftHTTPRequest.swift; sourceTree = "<group>"; };
		DFD2917919D6A3C60034B906 /* credentials.plist */ = {isa = PBXFileReference; fileEncoding = 4; lastKnownFileType = text.plist.xml; path = credentials.plist; sourceTree = "<group>"; };
/* End PBXFileReference section */

/* Begin PBXFrameworksBuildPhase section */
		DFC3AB7319D68DDF003D75C1 /* Frameworks */ = {
			isa = PBXFrameworksBuildPhase;
			buildActionMask = 2147483647;
			files = (
			);
			runOnlyForDeploymentPostprocessing = 0;
		};
		DFC3AB8B19D68DDF003D75C1 /* Frameworks */ = {
			isa = PBXFrameworksBuildPhase;
			buildActionMask = 2147483647;
			files = (
			);
			runOnlyForDeploymentPostprocessing = 0;
		};
/* End PBXFrameworksBuildPhase section */

/* Begin PBXGroup section */
		DF5843D619D6B14F0030BD8A /* Model */ = {
			isa = PBXGroup;
			children = (
				DF5843D719D6B1650030BD8A /* ClientGenerator.swift */,
			);
			name = Model;
			sourceTree = "<group>";
		};
		DF5843D919D6C7B50030BD8A /* Protocols */ = {
			isa = PBXGroup;
			children = (
				DF5843DA19D6C7C10030BD8A /* protocols.swift */,
			);
			name = Protocols;
			sourceTree = "<group>";
		};
		DFC3AB6D19D68DDF003D75C1 = {
			isa = PBXGroup;
			children = (
				DFC3AB7819D68DDF003D75C1 /* Twitter */,
				DFC3AB9119D68DDF003D75C1 /* TwitterTests */,
				DFC3AB7719D68DDF003D75C1 /* Products */,
			);
			sourceTree = "<group>";
		};
		DFC3AB7719D68DDF003D75C1 /* Products */ = {
			isa = PBXGroup;
			children = (
				DFC3AB7619D68DDF003D75C1 /* Twitter.app */,
				DFC3AB8E19D68DDF003D75C1 /* TwitterTests.xctest */,
			);
			name = Products;
			sourceTree = "<group>";
		};
		DFC3AB7819D68DDF003D75C1 /* Twitter */ = {
			isa = PBXGroup;
			children = (
				DF5843D919D6C7B50030BD8A /* Protocols */,
				DF5843D619D6B14F0030BD8A /* Model */,
				DFC3ABBE19D69358003D75C1 /* OAuth */,
				DFC3AB7B19D68DDF003D75C1 /* AppDelegate.swift */,
				DFC3AB8019D68DDF003D75C1 /* ViewController.swift */,
				DFC3AB8219D68DDF003D75C1 /* Main.storyboard */,
				DFC3AB8519D68DDF003D75C1 /* Images.xcassets */,
				DFC3AB8719D68DDF003D75C1 /* LaunchScreen.xib */,
				DFC3AB7D19D68DDF003D75C1 /* Twitter.xcdatamodeld */,
				DFC3AB7919D68DDF003D75C1 /* Supporting Files */,
			);
			path = Twitter;
			sourceTree = "<group>";
		};
		DFC3AB7919D68DDF003D75C1 /* Supporting Files */ = {
			isa = PBXGroup;
			children = (
				DFC3AB7A19D68DDF003D75C1 /* Info.plist */,
				DFD2917919D6A3C60034B906 /* credentials.plist */,
			);
			name = "Supporting Files";
			sourceTree = "<group>";
		};
		DFC3AB9119D68DDF003D75C1 /* TwitterTests */ = {
			isa = PBXGroup;
			children = (
				DFC3AB9419D68DDF003D75C1 /* TwitterTests.swift */,
				DFC3AB9219D68DDF003D75C1 /* Supporting Files */,
			);
			path = TwitterTests;
			sourceTree = "<group>";
		};
		DFC3AB9219D68DDF003D75C1 /* Supporting Files */ = {
			isa = PBXGroup;
			children = (
				DFC3AB9319D68DDF003D75C1 /* Info.plist */,
			);
			name = "Supporting Files";
			sourceTree = "<group>";
		};
		DFC3ABBE19D69358003D75C1 /* OAuth */ = {
			isa = PBXGroup;
			children = (
				DFC3ABBF19D69358003D75C1 /* extension */,
				DFC3ABC319D69358003D75C1 /* HMACSHA1Signature.h */,
				DFC3ABC419D69358003D75C1 /* HMACSHA1Signature.m */,
				DFC3ABC519D69358003D75C1 /* OAuth1Swift.swift */,
				DFC3ABC619D69358003D75C1 /* OAuth2Swift.swift */,
				DFC3ABC719D69358003D75C1 /* OAuthSwift-Bridging-Header.h */,
				DFC3ABC819D69358003D75C1 /* OAuthSwiftClient.swift */,
				DFC3ABC919D69358003D75C1 /* OAuthSwiftCredential.swift */,
				DFC3ABCA19D69358003D75C1 /* OAuthSwiftHTTPRequest.swift */,
			);
			path = OAuth;
			sourceTree = "<group>";
		};
		DFC3ABBF19D69358003D75C1 /* extension */ = {
			isa = PBXGroup;
			children = (
				DFC3ABC019D69358003D75C1 /* Dictionary+OAuthSwift.swift */,
				DFC3ABC119D69358003D75C1 /* NSURL+OAuthSwift.swift */,
				DFC3ABC219D69358003D75C1 /* String+OAuthSwift.swift */,
			);
			path = extension;
			sourceTree = "<group>";
		};
/* End PBXGroup section */

/* Begin PBXNativeTarget section */
		DFC3AB7519D68DDF003D75C1 /* Twitter */ = {
			isa = PBXNativeTarget;
			buildConfigurationList = DFC3AB9819D68DDF003D75C1 /* Build configuration list for PBXNativeTarget "Twitter" */;
			buildPhases = (
				DFC3AB7219D68DDF003D75C1 /* Sources */,
				DFC3AB7319D68DDF003D75C1 /* Frameworks */,
				DFC3AB7419D68DDF003D75C1 /* Resources */,
			);
			buildRules = (
			);
			dependencies = (
			);
			name = Twitter;
			productName = Twitter;
			productReference = DFC3AB7619D68DDF003D75C1 /* Twitter.app */;
			productType = "com.apple.product-type.application";
		};
		DFC3AB8D19D68DDF003D75C1 /* TwitterTests */ = {
			isa = PBXNativeTarget;
			buildConfigurationList = DFC3AB9B19D68DDF003D75C1 /* Build configuration list for PBXNativeTarget "TwitterTests" */;
			buildPhases = (
				DFC3AB8A19D68DDF003D75C1 /* Sources */,
				DFC3AB8B19D68DDF003D75C1 /* Frameworks */,
				DFC3AB8C19D68DDF003D75C1 /* Resources */,
			);
			buildRules = (
			);
			dependencies = (
				DFC3AB9019D68DDF003D75C1 /* PBXTargetDependency */,
			);
			name = TwitterTests;
			productName = TwitterTests;
			productReference = DFC3AB8E19D68DDF003D75C1 /* TwitterTests.xctest */;
			productType = "com.apple.product-type.bundle.unit-test";
		};
/* End PBXNativeTarget section */

/* Begin PBXProject section */
		DFC3AB6E19D68DDF003D75C1 /* Project object */ = {
			isa = PBXProject;
			attributes = {
				LastUpgradeCheck = 0600;
				ORGANIZATIONNAME = "Amit Chowdhary";
				TargetAttributes = {
					DFC3AB7519D68DDF003D75C1 = {
						CreatedOnToolsVersion = 6.0;
					};
					DFC3AB8D19D68DDF003D75C1 = {
						CreatedOnToolsVersion = 6.0;
						TestTargetID = DFC3AB7519D68DDF003D75C1;
					};
				};
			};
			buildConfigurationList = DFC3AB7119D68DDF003D75C1 /* Build configuration list for PBXProject "Twitter" */;
			compatibilityVersion = "Xcode 3.2";
			developmentRegion = English;
			hasScannedForEncodings = 0;
			knownRegions = (
				en,
				Base,
			);
			mainGroup = DFC3AB6D19D68DDF003D75C1;
			productRefGroup = DFC3AB7719D68DDF003D75C1 /* Products */;
			projectDirPath = "";
			projectRoot = "";
			targets = (
				DFC3AB7519D68DDF003D75C1 /* Twitter */,
				DFC3AB8D19D68DDF003D75C1 /* TwitterTests */,
			);
		};
/* End PBXProject section */

/* Begin PBXResourcesBuildPhase section */
		DFC3AB7419D68DDF003D75C1 /* Resources */ = {
			isa = PBXResourcesBuildPhase;
			buildActionMask = 2147483647;
			files = (
				DFC3AB8419D68DDF003D75C1 /* Main.storyboard in Resources */,
				DFD2917A19D6A3C60034B906 /* credentials.plist in Resources */,
				DFC3AB8919D68DDF003D75C1 /* LaunchScreen.xib in Resources */,
				DFC3AB8619D68DDF003D75C1 /* Images.xcassets in Resources */,
			);
			runOnlyForDeploymentPostprocessing = 0;
		};
		DFC3AB8C19D68DDF003D75C1 /* Resources */ = {
			isa = PBXResourcesBuildPhase;
			buildActionMask = 2147483647;
			files = (
			);
			runOnlyForDeploymentPostprocessing = 0;
		};
/* End PBXResourcesBuildPhase section */

/* Begin PBXSourcesBuildPhase section */
		DFC3AB7219D68DDF003D75C1 /* Sources */ = {
			isa = PBXSourcesBuildPhase;
			buildActionMask = 2147483647;
			files = (
				DFC3AB8119D68DDF003D75C1 /* ViewController.swift in Sources */,
				DF5843DB19D6C7C10030BD8A /* protocols.swift in Sources */,
				DFC3ABCB19D69358003D75C1 /* Dictionary+OAuthSwift.swift in Sources */,
				DFC3ABCE19D69358003D75C1 /* HMACSHA1Signature.m in Sources */,
				DFC3ABCF19D69358003D75C1 /* OAuth1Swift.swift in Sources */,
				DFC3ABD119D69358003D75C1 /* OAuthSwiftClient.swift in Sources */,
				DFC3ABD219D69358003D75C1 /* OAuthSwiftCredential.swift in Sources */,
				DFC3ABCD19D69358003D75C1 /* String+OAuthSwift.swift in Sources */,
				DFC3AB7C19D68DDF003D75C1 /* AppDelegate.swift in Sources */,
				DFC3AB7F19D68DDF003D75C1 /* Twitter.xcdatamodeld in Sources */,
				DFC3ABD319D69358003D75C1 /* OAuthSwiftHTTPRequest.swift in Sources */,
				DF5843D819D6B1650030BD8A /* ClientGenerator.swift in Sources */,
				DFC3ABCC19D69358003D75C1 /* NSURL+OAuthSwift.swift in Sources */,
				DFC3ABD019D69358003D75C1 /* OAuth2Swift.swift in Sources */,
			);
			runOnlyForDeploymentPostprocessing = 0;
		};
		DFC3AB8A19D68DDF003D75C1 /* Sources */ = {
			isa = PBXSourcesBuildPhase;
			buildActionMask = 2147483647;
			files = (
				DFC3AB9519D68DDF003D75C1 /* TwitterTests.swift in Sources */,
			);
			runOnlyForDeploymentPostprocessing = 0;
		};
/* End PBXSourcesBuildPhase section */

/* Begin PBXTargetDependency section */
		DFC3AB9019D68DDF003D75C1 /* PBXTargetDependency */ = {
			isa = PBXTargetDependency;
			target = DFC3AB7519D68DDF003D75C1 /* Twitter */;
			targetProxy = DFC3AB8F19D68DDF003D75C1 /* PBXContainerItemProxy */;
		};
/* End PBXTargetDependency section */

/* Begin PBXVariantGroup section */
		DFC3AB8219D68DDF003D75C1 /* Main.storyboard */ = {
			isa = PBXVariantGroup;
			children = (
				DFC3AB8319D68DDF003D75C1 /* Base */,
			);
			name = Main.storyboard;
			sourceTree = "<group>";
		};
		DFC3AB8719D68DDF003D75C1 /* LaunchScreen.xib */ = {
			isa = PBXVariantGroup;
			children = (
				DFC3AB8819D68DDF003D75C1 /* Base */,
			);
			name = LaunchScreen.xib;
			sourceTree = "<group>";
		};
/* End PBXVariantGroup section */

/* Begin XCBuildConfiguration section */
		DFC3AB9619D68DDF003D75C1 /* Debug */ = {
			isa = XCBuildConfiguration;
			buildSettings = {
				ALWAYS_SEARCH_USER_PATHS = NO;
				CLANG_CXX_LANGUAGE_STANDARD = "gnu++0x";
				CLANG_CXX_LIBRARY = "libc++";
				CLANG_ENABLE_MODULES = YES;
				CLANG_ENABLE_OBJC_ARC = YES;
				CLANG_WARN_BOOL_CONVERSION = YES;
				CLANG_WARN_CONSTANT_CONVERSION = YES;
				CLANG_WARN_DIRECT_OBJC_ISA_USAGE = YES_ERROR;
				CLANG_WARN_EMPTY_BODY = YES;
				CLANG_WARN_ENUM_CONVERSION = YES;
				CLANG_WARN_INT_CONVERSION = YES;
				CLANG_WARN_OBJC_ROOT_CLASS = YES_ERROR;
				CLANG_WARN_UNREACHABLE_CODE = YES;
				CLANG_WARN__DUPLICATE_METHOD_MATCH = YES;
				"CODE_SIGN_IDENTITY[sdk=iphoneos*]" = "iPhone Developer";
				COPY_PHASE_STRIP = NO;
				ENABLE_STRICT_OBJC_MSGSEND = YES;
				GCC_C_LANGUAGE_STANDARD = gnu99;
				GCC_DYNAMIC_NO_PIC = NO;
				GCC_OPTIMIZATION_LEVEL = 0;
				GCC_PREPROCESSOR_DEFINITIONS = (
					"DEBUG=1",
					"$(inherited)",
				);
				GCC_SYMBOLS_PRIVATE_EXTERN = NO;
				GCC_WARN_64_TO_32_BIT_CONVERSION = YES;
				GCC_WARN_ABOUT_RETURN_TYPE = YES_ERROR;
				GCC_WARN_UNDECLARED_SELECTOR = YES;
				GCC_WARN_UNINITIALIZED_AUTOS = YES_AGGRESSIVE;
				GCC_WARN_UNUSED_FUNCTION = YES;
				GCC_WARN_UNUSED_VARIABLE = YES;
				IPHONEOS_DEPLOYMENT_TARGET = 8.0;
				MTL_ENABLE_DEBUG_INFO = YES;
				ONLY_ACTIVE_ARCH = YES;
				SDKROOT = iphoneos;
				SWIFT_OPTIMIZATION_LEVEL = "-Onone";
				TARGETED_DEVICE_FAMILY = "1,2";
			};
			name = Debug;
		};
		DFC3AB9719D68DDF003D75C1 /* Release */ = {
			isa = XCBuildConfiguration;
			buildSettings = {
				ALWAYS_SEARCH_USER_PATHS = NO;
				CLANG_CXX_LANGUAGE_STANDARD = "gnu++0x";
				CLANG_CXX_LIBRARY = "libc++";
				CLANG_ENABLE_MODULES = YES;
				CLANG_ENABLE_OBJC_ARC = YES;
				CLANG_WARN_BOOL_CONVERSION = YES;
				CLANG_WARN_CONSTANT_CONVERSION = YES;
				CLANG_WARN_DIRECT_OBJC_ISA_USAGE = YES_ERROR;
				CLANG_WARN_EMPTY_BODY = YES;
				CLANG_WARN_ENUM_CONVERSION = YES;
				CLANG_WARN_INT_CONVERSION = YES;
				CLANG_WARN_OBJC_ROOT_CLASS = YES_ERROR;
				CLANG_WARN_UNREACHABLE_CODE = YES;
				CLANG_WARN__DUPLICATE_METHOD_MATCH = YES;
				"CODE_SIGN_IDENTITY[sdk=iphoneos*]" = "iPhone Developer";
				COPY_PHASE_STRIP = YES;
				ENABLE_NS_ASSERTIONS = NO;
				ENABLE_STRICT_OBJC_MSGSEND = YES;
				GCC_C_LANGUAGE_STANDARD = gnu99;
				GCC_WARN_64_TO_32_BIT_CONVERSION = YES;
				GCC_WARN_ABOUT_RETURN_TYPE = YES_ERROR;
				GCC_WARN_UNDECLARED_SELECTOR = YES;
				GCC_WARN_UNINITIALIZED_AUTOS = YES_AGGRESSIVE;
				GCC_WARN_UNUSED_FUNCTION = YES;
				GCC_WARN_UNUSED_VARIABLE = YES;
				IPHONEOS_DEPLOYMENT_TARGET = 8.0;
				MTL_ENABLE_DEBUG_INFO = NO;
				SDKROOT = iphoneos;
				TARGETED_DEVICE_FAMILY = "1,2";
				VALIDATE_PRODUCT = YES;
			};
			name = Release;
		};
		DFC3AB9919D68DDF003D75C1 /* Debug */ = {
			isa = XCBuildConfiguration;
			buildSettings = {
				ASSETCATALOG_COMPILER_APPICON_NAME = AppIcon;
				INFOPLIST_FILE = Twitter/Info.plist;
				LD_RUNPATH_SEARCH_PATHS = "$(inherited) @executable_path/Frameworks";
				PRODUCT_NAME = "$(TARGET_NAME)";
				SWIFT_OBJC_BRIDGING_HEADER = "Twitter/OAuth/OAuthSwift-Bridging-Header.h";
			};
			name = Debug;
		};
		DFC3AB9A19D68DDF003D75C1 /* Release */ = {
			isa = XCBuildConfiguration;
			buildSettings = {
				ASSETCATALOG_COMPILER_APPICON_NAME = AppIcon;
				INFOPLIST_FILE = Twitter/Info.plist;
				LD_RUNPATH_SEARCH_PATHS = "$(inherited) @executable_path/Frameworks";
				PRODUCT_NAME = "$(TARGET_NAME)";
				SWIFT_OBJC_BRIDGING_HEADER = "Twitter/OAuth/OAuthSwift-Bridging-Header.h";
			};
			name = Release;
		};
		DFC3AB9C19D68DDF003D75C1 /* Debug */ = {
			isa = XCBuildConfiguration;
			buildSettings = {
				BUNDLE_LOADER = "$(TEST_HOST)";
				FRAMEWORK_SEARCH_PATHS = (
					"$(SDKROOT)/Developer/Library/Frameworks",
					"$(inherited)",
				);
				GCC_PREPROCESSOR_DEFINITIONS = (
					"DEBUG=1",
					"$(inherited)",
				);
				INFOPLIST_FILE = TwitterTests/Info.plist;
				LD_RUNPATH_SEARCH_PATHS = "$(inherited) @executable_path/Frameworks @loader_path/Frameworks";
				PRODUCT_NAME = "$(TARGET_NAME)";
				TEST_HOST = "$(BUILT_PRODUCTS_DIR)/Twitter.app/Twitter";
			};
			name = Debug;
		};
		DFC3AB9D19D68DDF003D75C1 /* Release */ = {
			isa = XCBuildConfiguration;
			buildSettings = {
				BUNDLE_LOADER = "$(TEST_HOST)";
				FRAMEWORK_SEARCH_PATHS = (
					"$(SDKROOT)/Developer/Library/Frameworks",
					"$(inherited)",
				);
				INFOPLIST_FILE = TwitterTests/Info.plist;
				LD_RUNPATH_SEARCH_PATHS = "$(inherited) @executable_path/Frameworks @loader_path/Frameworks";
				PRODUCT_NAME = "$(TARGET_NAME)";
				TEST_HOST = "$(BUILT_PRODUCTS_DIR)/Twitter.app/Twitter";
			};
			name = Release;
		};
/* End XCBuildConfiguration section */

/* Begin XCConfigurationList section */
		DFC3AB7119D68DDF003D75C1 /* Build configuration list for PBXProject "Twitter" */ = {
			isa = XCConfigurationList;
			buildConfigurations = (
				DFC3AB9619D68DDF003D75C1 /* Debug */,
				DFC3AB9719D68DDF003D75C1 /* Release */,
			);
			defaultConfigurationIsVisible = 0;
			defaultConfigurationName = Release;
		};
		DFC3AB9819D68DDF003D75C1 /* Build configuration list for PBXNativeTarget "Twitter" */ = {
			isa = XCConfigurationList;
			buildConfigurations = (
				DFC3AB9919D68DDF003D75C1 /* Debug */,
				DFC3AB9A19D68DDF003D75C1 /* Release */,
			);
			defaultConfigurationIsVisible = 0;
			defaultConfigurationName = Release;
		};
		DFC3AB9B19D68DDF003D75C1 /* Build configuration list for PBXNativeTarget "TwitterTests" */ = {
			isa = XCConfigurationList;
			buildConfigurations = (
				DFC3AB9C19D68DDF003D75C1 /* Debug */,
				DFC3AB9D19D68DDF003D75C1 /* Release */,
			);
			defaultConfigurationIsVisible = 0;
			defaultConfigurationName = Release;
		};
/* End XCConfigurationList section */

/* Begin XCVersionGroup section */
		DFC3AB7D19D68DDF003D75C1 /* Twitter.xcdatamodeld */ = {
			isa = XCVersionGroup;
			children = (
				DFC3AB7E19D68DDF003D75C1 /* Twitter.xcdatamodel */,
			);
			currentVersion = DFC3AB7E19D68DDF003D75C1 /* Twitter.xcdatamodel */;
			path = Twitter.xcdatamodeld;
			sourceTree = "<group>";
			versionGroupType = wrapper.xcdatamodel;
		};
/* End XCVersionGroup section */
	};
	rootObject = DFC3AB6E19D68DDF003D75C1 /* Project object */;
}
